
Microsoft Visual Studio Solution File, Format Version 12.00
# Visual Studio 15
VisualStudioVersion = 15.0.28307.852
MinimumVisualStudioVersion = 10.0.40219.1
Project("{FAE04EC0-301F-11D3-BF4B-00C04F79EFBC}") = "DAL", "DAL\DAL.csproj", "{1211C022-060C-4453-9485-09B796F886C6}"
EndProject
Project("{FAE04EC0-301F-11D3-BF4B-00C04F79EFBC}") = "BAL", "BAL\BAL.csproj", "{82171800-20BD-4E7D-81B7-5D2B94A1FA74}"
EndProject
Project("{FAE04EC0-301F-11D3-BF4B-00C04F79EFBC}") = "Models", "Models\Models.csproj", "{E8C1A4EE-EBDB-407C-A760-9BBA75FF26CD}"
EndProject
Project("{FAE04EC0-301F-11D3-BF4B-00C04F79EFBC}") = "WebAPP", "WebAPP\WebAPP.csproj", "{72B1928F-0CC1-4D96-9BBE-B447C94DEB13}"
EndProject
Global
	GlobalSection(SolutionConfigurationPlatforms) = preSolution
		Debug|Any CPU = Debug|Any CPU
		Release|Any CPU = Release|Any CPU
	EndGlobalSection
	GlobalSection(ProjectConfigurationPlatforms) = postSolution
		{1211C022-060C-4453-9485-09B796F886C6}.Debug|Any CPU.ActiveCfg = Debug|Any CPU
		{1211C022-060C-4453-9485-09B796F886C6}.Debug|Any CPU.Build.0 = Debug|Any CPU
		{1211C022-060C-4453-9485-09B796F886C6}.Release|Any CPU.ActiveCfg = Release|Any CPU
		{1211C022-060C-4453-9485-09B796F886C6}.Release|Any CPU.Build.0 = Release|Any CPU
		{82171800-20BD-4E7D-81B7-5D2B94A1FA74}.Debug|Any CPU.ActiveCfg = Debug|Any CPU
		{82171800-20BD-4E7D-81B7-5D2B94A1FA74}.Debug|Any CPU.Build.0 = Debug|Any CPU
		{82171800-20BD-4E7D-81B7-5D2B94A1FA74}.Release|Any CPU.ActiveCfg = Release|Any CPU
		{82171800-20BD-4E7D-81B7-5D2B94A1FA74}.Release|Any CPU.Build.0 = Release|Any CPU
		{E8C1A4EE-EBDB-407C-A760-9BBA75FF26CD}.Debug|Any CPU.ActiveCfg = Debug|Any CPU
		{E8C1A4EE-EBDB-407C-A760-9BBA75FF26CD}.Debug|Any CPU.Build.0 = Debug|Any CPU
		{E8C1A4EE-EBDB-407C-A760-9BBA75FF26CD}.Release|Any CPU.ActiveCfg = Release|Any CPU
		{E8C1A4EE-EBDB-407C-A760-9BBA75FF26CD}.Release|Any CPU.Build.0 = Release|Any CPU
		{72B1928F-0CC1-4D96-9BBE-B447C94DEB13}.Debug|Any CPU.ActiveCfg = Debug|Any CPU
		{72B1928F-0CC1-4D96-9BBE-B447C94DEB13}.Debug|Any CPU.Build.0 = Debug|Any CPU
		{72B1928F-0CC1-4D96-9BBE-B447C94DEB13}.Release|Any CPU.ActiveCfg = Release|Any CPU
		{72B1928F-0CC1-4D96-9BBE-B447C94DEB13}.Release|Any CPU.Build.0 = Release|Any CPU
	EndGlobalSection
	GlobalSection(SolutionProperties) = preSolution
		HideSolutionNode = FALSE
	EndGlobalSection
	GlobalSection(ExtensibilityGlobals) = postSolution
		SolutionGuid = {4E6B521B-C6A4-4702-9674-0684AC0B910A}
	EndGlobalSection
EndGlobal
